%{
  "connection": {:hex, :connection, "1.1.0", "ff2a49c4b75b6fb3e674bfc5536451607270aac754ffd1bdfe175abe4a6d7a68", [:mix], [], "hexpm", "722c1eb0a418fbe91ba7bd59a47e28008a189d47e37e0e7bb85585a016b2869c"},
  "db_connection": {:hex, :db_connection, "2.4.3", "3b9aac9f27347ec65b271847e6baeb4443d8474289bd18c1d6f4de655b70c94d", [:mix], [{:connection, "~> 1.0", [hex: :connection, repo: "hexpm", optional: false]}, {:telemetry, "~> 0.4 or ~> 1.0", [hex: :telemetry, repo: "hexpm", optional: false]}], "hexpm", "c127c15b0fa6cfb32eed07465e05da6c815b032508d4ed7c116122871df73c12"},
  "decimal": {:hex, :decimal, "2.0.0", "a78296e617b0f5dd4c6caf57c714431347912ffb1d0842e998e9792b5642d697", [:mix], [], "hexpm", "34666e9c55dea81013e77d9d87370fe6cb6291d1ef32f46a1600230b1d44f577"},
  "ecto": {:hex, :ecto, "3.9.4", "3ee68e25dbe0c36f980f1ba5dd41ee0d3eb0873bccae8aeaf1a2647242bffa35", [:mix], [{:decimal, "~> 1.6 or ~> 2.0", [hex: :decimal, repo: "hexpm", optional: false]}, {:jason, "~> 1.0", [hex: :jason, repo: "hexpm", optional: true]}, {:telemetry, "~> 0.4 or ~> 1.0", [hex: :telemetry, repo: "hexpm", optional: false]}], "hexpm", "de5f988c142a3aa4ec18b85a4ec34a2390b65b24f02385c1144252ff6ff8ee75"},
  "make_enumerable": {:hex, :make_enumerable, "0.0.1", "691a7acb30a9a6496a10eebf16ebcd1aa057ea1d3ccf8e255b8f2ee62431daeb", [:mix], [], "hexpm", "f641ad830e559176b2e5cc01f59886e5cb3c8c0e255b0b8398c7a3e51e70c6b6"},
  "mongodb_driver": {:hex, :mongodb_driver, "1.0.2", "66a119a512110e9c4a175d9ece33cbfee25c17c7100fe8c911ca95ffe9c5f250", [:mix], [{:db_connection, "~> 2.4.1", [hex: :db_connection, repo: "hexpm", optional: false]}, {:decimal, "~> 2.0", [hex: :decimal, repo: "hexpm", optional: false]}, {:telemetry, "~> 1.0", [hex: :telemetry, repo: "hexpm", optional: false]}], "hexpm", "d728f502b8af2dacedb52ace9d983e81674d79858c13feda804f7aee37f0dad0"},
  "telemetry": {:hex, :telemetry, "1.2.0", "a8ce551485a9a3dac8d523542de130eafd12e40bbf76cf0ecd2528f24e812a44", [:rebar3], [], "hexpm", "1427e73667b9a2002cf1f26694c422d5c905df889023903c4518921d53e3e883"},
}
